
Microsoft Visual Studio Solution File, Format Version 12.00
# Visual Studio 2013
VisualStudioVersion = 12.0.30110.0
MinimumVisualStudioVersion = 10.0.40219.1
Project("{FAE04EC0-301F-11D3-BF4B-00C04F79EFBC}") = "XibParser", "XibParser\XibParser.csproj", "{F3EF9994-3F8D-405D-8167-07DABD72E131}"
EndProject
Project("{FAE04EC0-301F-11D3-BF4B-00C04F79EFBC}") = "AppKit", "XibParser\AppKit\AppKit.csproj", "{49B7A163-C6D1-40F5-9974-08A31D4F58EE}"
EndProject
Project("{FAE04EC0-301F-11D3-BF4B-00C04F79EFBC}") = "Foundation", "XibParser\Foundation\Foundation.csproj", "{2850D5FF-F423-48F3-9ACB-4921B1BE9954}"
EndProject
Project("{FAE04EC0-301F-11D3-BF4B-00C04F79EFBC}") = "InterfaceBuilderKit", "XibParser\InterfaceBuilderKit\InterfaceBuilderKit.csproj", "{C4667ADA-509A-4C5F-9842-19469308AB3E}"
EndProject
Project("{FAE04EC0-301F-11D3-BF4B-00C04F79EFBC}") = "XibBuilder", "XibBuilder\XibBuilder\XibBuilder.csproj", "{311FE191-506C-4690-B2A4-790BC6E1EB4E}"
EndProject
Project("{FAE04EC0-301F-11D3-BF4B-00C04F79EFBC}") = "SM.Toolkit", "XibBuilder\SMToolkit\SM.Toolkit.csproj", "{72E591D6-8F83-4D8C-8F67-9C325E623234}"
EndProject
Project("{FAE04EC0-301F-11D3-BF4B-00C04F79EFBC}") = "IDEKit", "XibParser\IDEKit\IDEKit.csproj", "{C18F88DA-9AE8-4552-9627-A9B30B9A3163}"
EndProject
Project("{FAE04EC0-301F-11D3-BF4B-00C04F79EFBC}") = "IDEInterfaceBuilderKit", "XibParser\IDEInterfaceBuilderKit\IDEInterfaceBuilderKit.csproj", "{1B40E258-56EA-48C3-AB78-436BBF18C40D}"
EndProject
Project("{FAE04EC0-301F-11D3-BF4B-00C04F79EFBC}") = "IDEInterfaceBuilderCocoaIntegration", "XibParser\IDEInterfaceBuilderCocoaIntegration\IDEInterfaceBuilderCocoaIntegration.csproj", "{87D80739-CF6E-45F3-8186-4B10D43236EF}"
EndProject
Global
	GlobalSection(SolutionConfigurationPlatforms) = preSolution
		Debug|Any CPU = Debug|Any CPU
		Debug|Mixed Platforms = Debug|Mixed Platforms
		Debug|x86 = Debug|x86
		Release|Any CPU = Release|Any CPU
		Release|Mixed Platforms = Release|Mixed Platforms
		Release|x86 = Release|x86
	EndGlobalSection
	GlobalSection(ProjectConfigurationPlatforms) = postSolution
		{F3EF9994-3F8D-405D-8167-07DABD72E131}.Debug|Any CPU.ActiveCfg = Debug|Any CPU
		{F3EF9994-3F8D-405D-8167-07DABD72E131}.Debug|Any CPU.Build.0 = Debug|Any CPU
		{F3EF9994-3F8D-405D-8167-07DABD72E131}.Debug|Mixed Platforms.ActiveCfg = Debug|Any CPU
		{F3EF9994-3F8D-405D-8167-07DABD72E131}.Debug|Mixed Platforms.Build.0 = Debug|Any CPU
		{F3EF9994-3F8D-405D-8167-07DABD72E131}.Debug|x86.ActiveCfg = Debug|Any CPU
		{F3EF9994-3F8D-405D-8167-07DABD72E131}.Release|Any CPU.ActiveCfg = Release|Any CPU
		{F3EF9994-3F8D-405D-8167-07DABD72E131}.Release|Any CPU.Build.0 = Release|Any CPU
		{F3EF9994-3F8D-405D-8167-07DABD72E131}.Release|Mixed Platforms.ActiveCfg = Release|Any CPU
		{F3EF9994-3F8D-405D-8167-07DABD72E131}.Release|Mixed Platforms.Build.0 = Release|Any CPU
		{F3EF9994-3F8D-405D-8167-07DABD72E131}.Release|x86.ActiveCfg = Release|Any CPU
		{49B7A163-C6D1-40F5-9974-08A31D4F58EE}.Debug|Any CPU.ActiveCfg = Debug|Any CPU
		{49B7A163-C6D1-40F5-9974-08A31D4F58EE}.Debug|Any CPU.Build.0 = Debug|Any CPU
		{49B7A163-C6D1-40F5-9974-08A31D4F58EE}.Debug|Mixed Platforms.ActiveCfg = Debug|Any CPU
		{49B7A163-C6D1-40F5-9974-08A31D4F58EE}.Debug|Mixed Platforms.Build.0 = Debug|Any CPU
		{49B7A163-C6D1-40F5-9974-08A31D4F58EE}.Debug|x86.ActiveCfg = Debug|Any CPU
		{49B7A163-C6D1-40F5-9974-08A31D4F58EE}.Release|Any CPU.ActiveCfg = Release|Any CPU
		{49B7A163-C6D1-40F5-9974-08A31D4F58EE}.Release|Any CPU.Build.0 = Release|Any CPU
		{49B7A163-C6D1-40F5-9974-08A31D4F58EE}.Release|Mixed Platforms.ActiveCfg = Release|Any CPU
		{49B7A163-C6D1-40F5-9974-08A31D4F58EE}.Release|Mixed Platforms.Build.0 = Release|Any CPU
		{49B7A163-C6D1-40F5-9974-08A31D4F58EE}.Release|x86.ActiveCfg = Release|Any CPU
		{2850D5FF-F423-48F3-9ACB-4921B1BE9954}.Debug|Any CPU.ActiveCfg = Debug|Any CPU
		{2850D5FF-F423-48F3-9ACB-4921B1BE9954}.Debug|Any CPU.Build.0 = Debug|Any CPU
		{2850D5FF-F423-48F3-9ACB-4921B1BE9954}.Debug|Mixed Platforms.ActiveCfg = Debug|Any CPU
		{2850D5FF-F423-48F3-9ACB-4921B1BE9954}.Debug|Mixed Platforms.Build.0 = Debug|Any CPU
		{2850D5FF-F423-48F3-9ACB-4921B1BE9954}.Debug|x86.ActiveCfg = Debug|Any CPU
		{2850D5FF-F423-48F3-9ACB-4921B1BE9954}.Release|Any CPU.ActiveCfg = Release|Any CPU
		{2850D5FF-F423-48F3-9ACB-4921B1BE9954}.Release|Any CPU.Build.0 = Release|Any CPU
		{2850D5FF-F423-48F3-9ACB-4921B1BE9954}.Release|Mixed Platforms.ActiveCfg = Release|Any CPU
		{2850D5FF-F423-48F3-9ACB-4921B1BE9954}.Release|Mixed Platforms.Build.0 = Release|Any CPU
		{2850D5FF-F423-48F3-9ACB-4921B1BE9954}.Release|x86.ActiveCfg = Release|Any CPU
		{C4667ADA-509A-4C5F-9842-19469308AB3E}.Debug|Any CPU.ActiveCfg = Debug|Any CPU
		{C4667ADA-509A-4C5F-9842-19469308AB3E}.Debug|Any CPU.Build.0 = Debug|Any CPU
		{C4667ADA-509A-4C5F-9842-19469308AB3E}.Debug|Mixed Platforms.ActiveCfg = Debug|Any CPU
		{C4667ADA-509A-4C5F-9842-19469308AB3E}.Debug|Mixed Platforms.Build.0 = Debug|Any CPU
		{C4667ADA-509A-4C5F-9842-19469308AB3E}.Debug|x86.ActiveCfg = Debug|Any CPU
		{C4667ADA-509A-4C5F-9842-19469308AB3E}.Release|Any CPU.ActiveCfg = Release|Any CPU
		{C4667ADA-509A-4C5F-9842-19469308AB3E}.Release|Any CPU.Build.0 = Release|Any CPU
		{C4667ADA-509A-4C5F-9842-19469308AB3E}.Release|Mixed Platforms.ActiveCfg = Release|Any CPU
		{C4667ADA-509A-4C5F-9842-19469308AB3E}.Release|Mixed Platforms.Build.0 = Release|Any CPU
		{C4667ADA-509A-4C5F-9842-19469308AB3E}.Release|x86.ActiveCfg = Release|Any CPU
		{311FE191-506C-4690-B2A4-790BC6E1EB4E}.Debug|Any CPU.ActiveCfg = Debug|Any CPU
		{311FE191-506C-4690-B2A4-790BC6E1EB4E}.Debug|Any CPU.Build.0 = Debug|Any CPU
		{311FE191-506C-4690-B2A4-790BC6E1EB4E}.Debug|Mixed Platforms.ActiveCfg = Debug|Any CPU
		{311FE191-506C-4690-B2A4-790BC6E1EB4E}.Debug|Mixed Platforms.Build.0 = Debug|Any CPU
		{311FE191-506C-4690-B2A4-790BC6E1EB4E}.Debug|x86.ActiveCfg = Debug|Any CPU
		{311FE191-506C-4690-B2A4-790BC6E1EB4E}.Release|Any CPU.ActiveCfg = Release|Any CPU
		{311FE191-506C-4690-B2A4-790BC6E1EB4E}.Release|Any CPU.Build.0 = Release|Any CPU
		{311FE191-506C-4690-B2A4-790BC6E1EB4E}.Release|Mixed Platforms.ActiveCfg = Release|Any CPU
		{311FE191-506C-4690-B2A4-790BC6E1EB4E}.Release|Mixed Platforms.Build.0 = Release|Any CPU
		{311FE191-506C-4690-B2A4-790BC6E1EB4E}.Release|x86.ActiveCfg = Release|Any CPU
		{72E591D6-8F83-4D8C-8F67-9C325E623234}.Debug|Any CPU.ActiveCfg = Debug|Any CPU
		{72E591D6-8F83-4D8C-8F67-9C325E623234}.Debug|Any CPU.Build.0 = Debug|Any CPU
		{72E591D6-8F83-4D8C-8F67-9C325E623234}.Debug|Mixed Platforms.ActiveCfg = Debug|Any CPU
		{72E591D6-8F83-4D8C-8F67-9C325E623234}.Debug|Mixed Platforms.Build.0 = Debug|Any CPU
		{72E591D6-8F83-4D8C-8F67-9C325E623234}.Debug|x86.ActiveCfg = Debug|Any CPU
		{72E591D6-8F83-4D8C-8F67-9C325E623234}.Release|Any CPU.ActiveCfg = Release|Any CPU
		{72E591D6-8F83-4D8C-8F67-9C325E623234}.Release|Any CPU.Build.0 = Release|Any CPU
		{72E591D6-8F83-4D8C-8F67-9C325E623234}.Release|Mixed Platforms.ActiveCfg = Release|Any CPU
		{72E591D6-8F83-4D8C-8F67-9C325E623234}.Release|Mixed Platforms.Build.0 = Release|Any CPU
		{72E591D6-8F83-4D8C-8F67-9C325E623234}.Release|x86.ActiveCfg = Release|Any CPU
		{C18F88DA-9AE8-4552-9627-A9B30B9A3163}.Debug|Any CPU.ActiveCfg = Debug|Any CPU
		{C18F88DA-9AE8-4552-9627-A9B30B9A3163}.Debug|Any CPU.Build.0 = Debug|Any CPU
		{C18F88DA-9AE8-4552-9627-A9B30B9A3163}.Debug|Mixed Platforms.ActiveCfg = Debug|Any CPU
		{C18F88DA-9AE8-4552-9627-A9B30B9A3163}.Debug|Mixed Platforms.Build.0 = Debug|Any CPU
		{C18F88DA-9AE8-4552-9627-A9B30B9A3163}.Debug|x86.ActiveCfg = Debug|Any CPU
		{C18F88DA-9AE8-4552-9627-A9B30B9A3163}.Release|Any CPU.ActiveCfg = Release|Any CPU
		{C18F88DA-9AE8-4552-9627-A9B30B9A3163}.Release|Any CPU.Build.0 = Release|Any CPU
		{C18F88DA-9AE8-4552-9627-A9B30B9A3163}.Release|Mixed Platforms.ActiveCfg = Release|Any CPU
		{C18F88DA-9AE8-4552-9627-A9B30B9A3163}.Release|Mixed Platforms.Build.0 = Release|Any CPU
		{C18F88DA-9AE8-4552-9627-A9B30B9A3163}.Release|x86.ActiveCfg = Release|Any CPU
		{1B40E258-56EA-48C3-AB78-436BBF18C40D}.Debug|Any CPU.ActiveCfg = Debug|Any CPU
		{1B40E258-56EA-48C3-AB78-436BBF18C40D}.Debug|Any CPU.Build.0 = Debug|Any CPU
		{1B40E258-56EA-48C3-AB78-436BBF18C40D}.Debug|Mixed Platforms.ActiveCfg = Debug|Any CPU
		{1B40E258-56EA-48C3-AB78-436BBF18C40D}.Debug|Mixed Platforms.Build.0 = Debug|Any CPU
		{1B40E258-56EA-48C3-AB78-436BBF18C40D}.Debug|x86.ActiveCfg = Debug|Any CPU
		{1B40E258-56EA-48C3-AB78-436BBF18C40D}.Release|Any CPU.ActiveCfg = Release|Any CPU
		{1B40E258-56EA-48C3-AB78-436BBF18C40D}.Release|Any CPU.Build.0 = Release|Any CPU
		{1B40E258-56EA-48C3-AB78-436BBF18C40D}.Release|Mixed Platforms.ActiveCfg = Release|Any CPU
		{1B40E258-56EA-48C3-AB78-436BBF18C40D}.Release|Mixed Platforms.Build.0 = Release|Any CPU
		{1B40E258-56EA-48C3-AB78-436BBF18C40D}.Release|x86.ActiveCfg = Release|Any CPU
		{87D80739-CF6E-45F3-8186-4B10D43236EF}.Debug|Any CPU.ActiveCfg = Debug|Any CPU
		{87D80739-CF6E-45F3-8186-4B10D43236EF}.Debug|Any CPU.Build.0 = Debug|Any CPU
		{87D80739-CF6E-45F3-8186-4B10D43236EF}.Debug|Mixed Platforms.ActiveCfg = Debug|Any CPU
		{87D80739-CF6E-45F3-8186-4B10D43236EF}.Debug|Mixed Platforms.Build.0 = Debug|Any CPU
		{87D80739-CF6E-45F3-8186-4B10D43236EF}.Debug|x86.ActiveCfg = Debug|Any CPU
		{87D80739-CF6E-45F3-8186-4B10D43236EF}.Release|Any CPU.ActiveCfg = Release|Any CPU
		{87D80739-CF6E-45F3-8186-4B10D43236EF}.Release|Any CPU.Build.0 = Release|Any CPU
		{87D80739-CF6E-45F3-8186-4B10D43236EF}.Release|Mixed Platforms.ActiveCfg = Release|Any CPU
		{87D80739-CF6E-45F3-8186-4B10D43236EF}.Release|Mixed Platforms.Build.0 = Release|Any CPU
		{87D80739-CF6E-45F3-8186-4B10D43236EF}.Release|x86.ActiveCfg = Release|Any CPU
	EndGlobalSection
	GlobalSection(SolutionProperties) = preSolution
		HideSolutionNode = FALSE
	EndGlobalSection
EndGlobal
