
Microsoft Visual Studio Solution File, Format Version 11.00
# Visual Studio 2010
Project("{FAE04EC0-301F-11D3-BF4B-00C04F79EFBC}") = "libxmlsharp", "dotgnu.xml\libxmlsharp.csproj", "{C747AF4F-02DD-4331-B017-D3CE39A816A1}"
EndProject
Project("{8BC9CEB8-8B4A-11D0-8D11-00A0C91BC942}") = "libxml_wrapper", "wrapper\libxml_wrapper.vcxproj", "{C002D846-7FDA-4328-A881-2ACB11D21D05}"
EndProject
Project("{FAE04EC0-301F-11D3-BF4B-00C04F79EFBC}") = "builder", "samples\builder.csproj", "{F0BA5322-B4CE-47D2-A71C-CC762F960DFA}"
EndProject
Global
	GlobalSection(SolutionConfigurationPlatforms) = preSolution
		Debug|Any CPU = Debug|Any CPU
		Debug|Mixed Platforms = Debug|Mixed Platforms
		Debug|Win32 = Debug|Win32
		Debug|x86 = Debug|x86
		Release|Any CPU = Release|Any CPU
		Release|Mixed Platforms = Release|Mixed Platforms
		Release|Win32 = Release|Win32
		Release|x86 = Release|x86
	EndGlobalSection
	GlobalSection(ProjectConfigurationPlatforms) = postSolution
		{C747AF4F-02DD-4331-B017-D3CE39A816A1}.Debug|Any CPU.ActiveCfg = Debug|Any CPU
		{C747AF4F-02DD-4331-B017-D3CE39A816A1}.Debug|Any CPU.Build.0 = Debug|Any CPU
		{C747AF4F-02DD-4331-B017-D3CE39A816A1}.Debug|Mixed Platforms.ActiveCfg = Debug|Any CPU
		{C747AF4F-02DD-4331-B017-D3CE39A816A1}.Debug|Mixed Platforms.Build.0 = Debug|Any CPU
		{C747AF4F-02DD-4331-B017-D3CE39A816A1}.Debug|Win32.ActiveCfg = Debug|Any CPU
		{C747AF4F-02DD-4331-B017-D3CE39A816A1}.Debug|x86.ActiveCfg = Debug|Any CPU
		{C747AF4F-02DD-4331-B017-D3CE39A816A1}.Release|Any CPU.ActiveCfg = Release|Any CPU
		{C747AF4F-02DD-4331-B017-D3CE39A816A1}.Release|Any CPU.Build.0 = Release|Any CPU
		{C747AF4F-02DD-4331-B017-D3CE39A816A1}.Release|Mixed Platforms.ActiveCfg = Release|Any CPU
		{C747AF4F-02DD-4331-B017-D3CE39A816A1}.Release|Mixed Platforms.Build.0 = Release|Any CPU
		{C747AF4F-02DD-4331-B017-D3CE39A816A1}.Release|Win32.ActiveCfg = Release|Any CPU
		{C747AF4F-02DD-4331-B017-D3CE39A816A1}.Release|x86.ActiveCfg = Release|Any CPU
		{C002D846-7FDA-4328-A881-2ACB11D21D05}.Debug|Any CPU.ActiveCfg = Debug|Win32
		{C002D846-7FDA-4328-A881-2ACB11D21D05}.Debug|Mixed Platforms.ActiveCfg = Debug|Win32
		{C002D846-7FDA-4328-A881-2ACB11D21D05}.Debug|Mixed Platforms.Build.0 = Debug|Win32
		{C002D846-7FDA-4328-A881-2ACB11D21D05}.Debug|Win32.ActiveCfg = Debug|Win32
		{C002D846-7FDA-4328-A881-2ACB11D21D05}.Debug|Win32.Build.0 = Debug|Win32
		{C002D846-7FDA-4328-A881-2ACB11D21D05}.Debug|x86.ActiveCfg = Debug|Win32
		{C002D846-7FDA-4328-A881-2ACB11D21D05}.Release|Any CPU.ActiveCfg = Release|Win32
		{C002D846-7FDA-4328-A881-2ACB11D21D05}.Release|Mixed Platforms.ActiveCfg = Release|Win32
		{C002D846-7FDA-4328-A881-2ACB11D21D05}.Release|Mixed Platforms.Build.0 = Release|Win32
		{C002D846-7FDA-4328-A881-2ACB11D21D05}.Release|Win32.ActiveCfg = Release|Win32
		{C002D846-7FDA-4328-A881-2ACB11D21D05}.Release|Win32.Build.0 = Release|Win32
		{C002D846-7FDA-4328-A881-2ACB11D21D05}.Release|x86.ActiveCfg = Release|Win32
		{F0BA5322-B4CE-47D2-A71C-CC762F960DFA}.Debug|Any CPU.ActiveCfg = Debug|x86
		{F0BA5322-B4CE-47D2-A71C-CC762F960DFA}.Debug|Mixed Platforms.ActiveCfg = Debug|x86
		{F0BA5322-B4CE-47D2-A71C-CC762F960DFA}.Debug|Mixed Platforms.Build.0 = Debug|x86
		{F0BA5322-B4CE-47D2-A71C-CC762F960DFA}.Debug|Win32.ActiveCfg = Debug|x86
		{F0BA5322-B4CE-47D2-A71C-CC762F960DFA}.Debug|x86.ActiveCfg = Debug|x86
		{F0BA5322-B4CE-47D2-A71C-CC762F960DFA}.Debug|x86.Build.0 = Debug|x86
		{F0BA5322-B4CE-47D2-A71C-CC762F960DFA}.Release|Any CPU.ActiveCfg = Release|x86
		{F0BA5322-B4CE-47D2-A71C-CC762F960DFA}.Release|Mixed Platforms.ActiveCfg = Release|x86
		{F0BA5322-B4CE-47D2-A71C-CC762F960DFA}.Release|Mixed Platforms.Build.0 = Release|x86
		{F0BA5322-B4CE-47D2-A71C-CC762F960DFA}.Release|Win32.ActiveCfg = Release|x86
		{F0BA5322-B4CE-47D2-A71C-CC762F960DFA}.Release|x86.ActiveCfg = Release|x86
		{F0BA5322-B4CE-47D2-A71C-CC762F960DFA}.Release|x86.Build.0 = Release|x86
	EndGlobalSection
	GlobalSection(SolutionProperties) = preSolution
		HideSolutionNode = FALSE
	EndGlobalSection
EndGlobal
